
Microsoft Visual Studio Solution File, Format Version 12.00
# Visual Studio Version 17
VisualStudioVersion = 17.6.33829.357
MinimumVisualStudioVersion = 10.0.40219.1
Project("{FAE04EC0-301F-11D3-BF4B-00C04F79EFBC}") = "SwinAdventure", "SwinAdventure\SwinAdventure.csproj", "{035B3D6D-E577-4CCF-81E4-A3FBA867F748}"
EndProject
Project("{FAE04EC0-301F-11D3-BF4B-00C04F79EFBC}") = "SwinAdventureTests", "SwinAdventureTests\SwinAdventureTests.csproj", "{6A2BCC90-DA17-43BC-8308-878A0FD299FD}"
EndProject
Global
	GlobalSection(SolutionConfigurationPlatforms) = preSolution
		Debug|Any CPU = Debug|Any CPU
		Release|Any CPU = Release|Any CPU
	EndGlobalSection
	GlobalSection(ProjectConfigurationPlatforms) = postSolution
		{035B3D6D-E577-4CCF-81E4-A3FBA867F748}.Debug|Any CPU.ActiveCfg = Debug|Any CPU
		{035B3D6D-E577-4CCF-81E4-A3FBA867F748}.Debug|Any CPU.Build.0 = Debug|Any CPU
		{035B3D6D-E577-4CCF-81E4-A3FBA867F748}.Release|Any CPU.ActiveCfg = Release|Any CPU
		{035B3D6D-E577-4CCF-81E4-A3FBA867F748}.Release|Any CPU.Build.0 = Release|Any CPU
		{6A2BCC90-DA17-43BC-8308-878A0FD299FD}.Debug|Any CPU.ActiveCfg = Debug|Any CPU
		{6A2BCC90-DA17-43BC-8308-878A0FD299FD}.Debug|Any CPU.Build.0 = Debug|Any CPU
		{6A2BCC90-DA17-43BC-8308-878A0FD299FD}.Release|Any CPU.ActiveCfg = Release|Any CPU
		{6A2BCC90-DA17-43BC-8308-878A0FD299FD}.Release|Any CPU.Build.0 = Release|Any CPU
	EndGlobalSection
	GlobalSection(SolutionProperties) = preSolution
		HideSolutionNode = FALSE
	EndGlobalSection
	GlobalSection(ExtensibilityGlobals) = postSolution
		SolutionGuid = {F2271D7C-C184-4E1E-9E00-CBF178B4DAB8}
	EndGlobalSection
EndGlobal
