
Microsoft Visual Studio Solution File, Format Version 12.00
# Visual Studio Version 17
VisualStudioVersion = 17.6.33829.357
MinimumVisualStudioVersion = 10.0.40219.1
Project("{FAE04EC0-301F-11D3-BF4B-00C04F79EFBC}") = "HelloWorld", "HelloWorld\HelloWorld.csproj", "{BF34B4C5-29A0-4A0C-83EB-7F86F97F62D9}"
EndProject
Global
	GlobalSection(SolutionConfigurationPlatforms) = preSolution
		Debug|Any CPU = Debug|Any CPU
		Release|Any CPU = Release|Any CPU
	EndGlobalSection
	GlobalSection(ProjectConfigurationPlatforms) = postSolution
		{BF34B4C5-29A0-4A0C-83EB-7F86F97F62D9}.Debug|Any CPU.ActiveCfg = Debug|Any CPU
		{BF34B4C5-29A0-4A0C-83EB-7F86F97F62D9}.Debug|Any CPU.Build.0 = Debug|Any CPU
		{BF34B4C5-29A0-4A0C-83EB-7F86F97F62D9}.Release|Any CPU.ActiveCfg = Release|Any CPU
		{BF34B4C5-29A0-4A0C-83EB-7F86F97F62D9}.Release|Any CPU.Build.0 = Release|Any CPU
	EndGlobalSection
	GlobalSection(SolutionProperties) = preSolution
		HideSolutionNode = FALSE
	EndGlobalSection
	GlobalSection(ExtensibilityGlobals) = postSolution
		SolutionGuid = {857B748B-94E8-4ACE-9246-E9C462785A1F}
	EndGlobalSection
EndGlobal
