
Microsoft Visual Studio Solution File, Format Version 12.00
# Visual Studio Version 17
VisualStudioVersion = 17.6.33829.357
MinimumVisualStudioVersion = 10.0.40219.1
Project("{FAE04EC0-301F-11D3-BF4B-00C04F79EFBC}") = "TestingDemo", "TestingDemo\TestingDemo.csproj", "{E73FBB1D-EE35-4A80-BE82-5D268D93FA34}"
EndProject
Project("{FAE04EC0-301F-11D3-BF4B-00C04F79EFBC}") = "NUnittests", "NUnittests\NUnittests.csproj", "{7112C95A-7905-4984-9808-E7E068928F5A}"
EndProject
Global
	GlobalSection(SolutionConfigurationPlatforms) = preSolution
		Debug|Any CPU = Debug|Any CPU
		Release|Any CPU = Release|Any CPU
	EndGlobalSection
	GlobalSection(ProjectConfigurationPlatforms) = postSolution
		{E73FBB1D-EE35-4A80-BE82-5D268D93FA34}.Debug|Any CPU.ActiveCfg = Debug|Any CPU
		{E73FBB1D-EE35-4A80-BE82-5D268D93FA34}.Debug|Any CPU.Build.0 = Debug|Any CPU
		{E73FBB1D-EE35-4A80-BE82-5D268D93FA34}.Release|Any CPU.ActiveCfg = Release|Any CPU
		{E73FBB1D-EE35-4A80-BE82-5D268D93FA34}.Release|Any CPU.Build.0 = Release|Any CPU
		{7112C95A-7905-4984-9808-E7E068928F5A}.Debug|Any CPU.ActiveCfg = Debug|Any CPU
		{7112C95A-7905-4984-9808-E7E068928F5A}.Debug|Any CPU.Build.0 = Debug|Any CPU
		{7112C95A-7905-4984-9808-E7E068928F5A}.Release|Any CPU.ActiveCfg = Release|Any CPU
		{7112C95A-7905-4984-9808-E7E068928F5A}.Release|Any CPU.Build.0 = Release|Any CPU
	EndGlobalSection
	GlobalSection(SolutionProperties) = preSolution
		HideSolutionNode = FALSE
	EndGlobalSection
	GlobalSection(ExtensibilityGlobals) = postSolution
		SolutionGuid = {41DC8517-6956-40A0-98A4-E27EB2CC9048}
	EndGlobalSection
EndGlobal
